
Microsoft Visual Studio Solution File, Format Version 12.00
# Visual Studio 2015
Project("{FAE04EC0-301F-11D3-BF4B-00C04F79EFBC}") = "Quiz Game 3 VR.CSharp", "Quiz Game 3 VR.CSharp.csproj", "{9E072515-1E8C-C0E5-C01C-34D8CE22EF98}"
EndProject
Project("{FAE04EC0-301F-11D3-BF4B-00C04F79EFBC}") = "Quiz Game 3 VR.CSharp.Editor", "Quiz Game 3 VR.CSharp.Editor.csproj", "{96A44B1B-0FC1-F3FF-DF0C-646994FD6280}"
EndProject
Global
	GlobalSection(SolutionConfigurationPlatforms) = preSolution
		Debug|Any CPU = Debug|Any CPU
		Release|Any CPU = Release|Any CPU
	EndGlobalSection
	GlobalSection(ProjectConfigurationPlatforms) = postSolution
		{9E072515-1E8C-C0E5-C01C-34D8CE22EF98}.Debug|Any CPU.ActiveCfg = Debug|Any CPU
		{9E072515-1E8C-C0E5-C01C-34D8CE22EF98}.Debug|Any CPU.Build.0 = Debug|Any CPU
		{9E072515-1E8C-C0E5-C01C-34D8CE22EF98}.Release|Any CPU.ActiveCfg = Release|Any CPU
		{9E072515-1E8C-C0E5-C01C-34D8CE22EF98}.Release|Any CPU.Build.0 = Release|Any CPU
		{96A44B1B-0FC1-F3FF-DF0C-646994FD6280}.Debug|Any CPU.ActiveCfg = Debug|Any CPU
		{96A44B1B-0FC1-F3FF-DF0C-646994FD6280}.Debug|Any CPU.Build.0 = Debug|Any CPU
		{96A44B1B-0FC1-F3FF-DF0C-646994FD6280}.Release|Any CPU.ActiveCfg = Release|Any CPU
		{96A44B1B-0FC1-F3FF-DF0C-646994FD6280}.Release|Any CPU.Build.0 = Release|Any CPU
	EndGlobalSection
	GlobalSection(SolutionProperties) = preSolution
		HideSolutionNode = FALSE
	EndGlobalSection
EndGlobal
