
Microsoft Visual Studio Solution File, Format Version 12.00
# Visual Studio 2015
Project("{FAE04EC0-301F-11D3-BF4B-00C04F79EFBC}") = "Quiz Game 2.CSharp", "Quiz Game 2.CSharp.csproj", "{4A30A8B7-7B5B-4AFA-3A32-102A55149E20}"
EndProject
Project("{FAE04EC0-301F-11D3-BF4B-00C04F79EFBC}") = "Quiz Game 2.CSharp.Editor", "Quiz Game 2.CSharp.Editor.csproj", "{1C0C2A45-F274-8417-6086-86FE29478F5E}"
EndProject
Global
	GlobalSection(SolutionConfigurationPlatforms) = preSolution
		Debug|Any CPU = Debug|Any CPU
		Release|Any CPU = Release|Any CPU
	EndGlobalSection
	GlobalSection(ProjectConfigurationPlatforms) = postSolution
		{4A30A8B7-7B5B-4AFA-3A32-102A55149E20}.Debug|Any CPU.ActiveCfg = Debug|Any CPU
		{4A30A8B7-7B5B-4AFA-3A32-102A55149E20}.Debug|Any CPU.Build.0 = Debug|Any CPU
		{4A30A8B7-7B5B-4AFA-3A32-102A55149E20}.Release|Any CPU.ActiveCfg = Release|Any CPU
		{4A30A8B7-7B5B-4AFA-3A32-102A55149E20}.Release|Any CPU.Build.0 = Release|Any CPU
		{1C0C2A45-F274-8417-6086-86FE29478F5E}.Debug|Any CPU.ActiveCfg = Debug|Any CPU
		{1C0C2A45-F274-8417-6086-86FE29478F5E}.Debug|Any CPU.Build.0 = Debug|Any CPU
		{1C0C2A45-F274-8417-6086-86FE29478F5E}.Release|Any CPU.ActiveCfg = Release|Any CPU
		{1C0C2A45-F274-8417-6086-86FE29478F5E}.Release|Any CPU.Build.0 = Release|Any CPU
	EndGlobalSection
	GlobalSection(SolutionProperties) = preSolution
		HideSolutionNode = FALSE
	EndGlobalSection
EndGlobal
