
Microsoft Visual Studio Solution File, Format Version 12.00
# Visual Studio 2015
Project("{FAE04EC0-301F-11D3-BF4B-00C04F79EFBC}") = "Quiz Game 2 VR.CSharp", "Quiz Game 2 VR.CSharp.csproj", "{9CB594A8-3746-4A00-44A1-C631F32F8710}"
EndProject
Project("{FAE04EC0-301F-11D3-BF4B-00C04F79EFBC}") = "Quiz Game 2 VR.CSharp.Editor", "Quiz Game 2 VR.CSharp.Editor.csproj", "{0AF57BF0-3579-ADC1-FEAF-F4ACE68FA635}"
EndProject
Global
	GlobalSection(SolutionConfigurationPlatforms) = preSolution
		Debug|Any CPU = Debug|Any CPU
		Release|Any CPU = Release|Any CPU
	EndGlobalSection
	GlobalSection(ProjectConfigurationPlatforms) = postSolution
		{9CB594A8-3746-4A00-44A1-C631F32F8710}.Debug|Any CPU.ActiveCfg = Debug|Any CPU
		{9CB594A8-3746-4A00-44A1-C631F32F8710}.Debug|Any CPU.Build.0 = Debug|Any CPU
		{9CB594A8-3746-4A00-44A1-C631F32F8710}.Release|Any CPU.ActiveCfg = Release|Any CPU
		{9CB594A8-3746-4A00-44A1-C631F32F8710}.Release|Any CPU.Build.0 = Release|Any CPU
		{0AF57BF0-3579-ADC1-FEAF-F4ACE68FA635}.Debug|Any CPU.ActiveCfg = Debug|Any CPU
		{0AF57BF0-3579-ADC1-FEAF-F4ACE68FA635}.Debug|Any CPU.Build.0 = Debug|Any CPU
		{0AF57BF0-3579-ADC1-FEAF-F4ACE68FA635}.Release|Any CPU.ActiveCfg = Release|Any CPU
		{0AF57BF0-3579-ADC1-FEAF-F4ACE68FA635}.Release|Any CPU.Build.0 = Release|Any CPU
	EndGlobalSection
	GlobalSection(SolutionProperties) = preSolution
		HideSolutionNode = FALSE
	EndGlobalSection
EndGlobal
